github.com/adityatelange/hugo-PaperMod v0.0.0-20251009122518-c98a924842fc h1:383XmAHaWvN0jeDh1fdKoQBCPMrcRiBjd3Sw+53GkLM=
github.com/adityatelange/hugo-PaperMod v0.0.0-20251009122518-c98a924842fc/go.mod h1:HCHxNMKYdGafUYjVV3ICiAqznZK2yH0iI53jqcDFDdQ=
github.com/mrmierzejewski/hugo-theme-console v0.0.0-20250713183642-e68b718c8732 h1:a/jo/LXCAzgRZxXeN8TUEMIpxd5wSwKagioHhfORz2w=
github.com/mrmierzejewski/hugo-theme-console v0.0.0-20250713183642-e68b718c8732/go.mod h1:EkUHZeZl13EtNkuNyOyNtjuQuZyf0k8W6K9GbCJaBTM=
